
Microsoft Visual Studio Solution File, Format Version 12.00
# Visual Studio Version 17
VisualStudioVersion = 17.11.35431.28
MinimumVisualStudioVersion = 10.0.40219.1
Project("{FAE04EC0-301F-11D3-BF4B-00C04F79EFBC}") = "WebApi_ProductManager", "WebApi_ProductManager\WebApi_ProductManager.csproj", "{0533BC30-A0D9-4789-A32F-986BFB7529E1}"
EndProject
Global
	GlobalSection(SolutionConfigurationPlatforms) = preSolution
		Debug|Any CPU = Debug|Any CPU
		Release|Any CPU = Release|Any CPU
	EndGlobalSection
	GlobalSection(ProjectConfigurationPlatforms) = postSolution
		{0533BC30-A0D9-4789-A32F-986BFB7529E1}.Debug|Any CPU.ActiveCfg = Debug|Any CPU
		{0533BC30-A0D9-4789-A32F-986BFB7529E1}.Debug|Any CPU.Build.0 = Debug|Any CPU
		{0533BC30-A0D9-4789-A32F-986BFB7529E1}.Release|Any CPU.ActiveCfg = Release|Any CPU
		{0533BC30-A0D9-4789-A32F-986BFB7529E1}.Release|Any CPU.Build.0 = Release|Any CPU
	EndGlobalSection
	GlobalSection(SolutionProperties) = preSolution
		HideSolutionNode = FALSE
	EndGlobalSection
	GlobalSection(ExtensibilityGlobals) = postSolution
		SolutionGuid = {485F84B9-6E76-4FC5-BA00-24A87C18FBBD}
	EndGlobalSection
EndGlobal
